
Microsoft Visual Studio Solution File, Format Version 12.00
# Visual Studio 14
VisualStudioVersion = 14.0.24720.0
MinimumVisualStudioVersion = 10.0.40219.1
Project("{FAE04EC0-301F-11D3-BF4B-00C04F79EFBC}") = "Projeto Solidario V2", "Projeto Solidario V2\Projeto Solidario V2.csproj", "{6BAD1169-D5EA-4F56-826C-D2817E8B3DAE}"
EndProject
Global
	GlobalSection(SolutionConfigurationPlatforms) = preSolution
		Debug|Any CPU = Debug|Any CPU
		Release|Any CPU = Release|Any CPU
	EndGlobalSection
	GlobalSection(ProjectConfigurationPlatforms) = postSolution
		{6BAD1169-D5EA-4F56-826C-D2817E8B3DAE}.Debug|Any CPU.ActiveCfg = Debug|Any CPU
		{6BAD1169-D5EA-4F56-826C-D2817E8B3DAE}.Debug|Any CPU.Build.0 = Debug|Any CPU
		{6BAD1169-D5EA-4F56-826C-D2817E8B3DAE}.Release|Any CPU.ActiveCfg = Release|Any CPU
		{6BAD1169-D5EA-4F56-826C-D2817E8B3DAE}.Release|Any CPU.Build.0 = Release|Any CPU
	EndGlobalSection
	GlobalSection(SolutionProperties) = preSolution
		HideSolutionNode = FALSE
	EndGlobalSection
EndGlobal
